
Microsoft Visual Studio Solution File, Format Version 12.00
# Visual Studio Version 17
VisualStudioVersion = 17.4.33110.190
MinimumVisualStudioVersion = 10.0.40219.1
Project("{FAE04EC0-301F-11D3-BF4B-00C04F79EFBC}") = "codorniz", "codorniz\codorniz.csproj", "{4322AD8C-18E8-485A-AE60-E3B8300D4B27}"
EndProject
Global
	GlobalSection(SolutionConfigurationPlatforms) = preSolution
		Debug|Any CPU = Debug|Any CPU
		Release|Any CPU = Release|Any CPU
	EndGlobalSection
	GlobalSection(ProjectConfigurationPlatforms) = postSolution
		{4322AD8C-18E8-485A-AE60-E3B8300D4B27}.Debug|Any CPU.ActiveCfg = Debug|Any CPU
		{4322AD8C-18E8-485A-AE60-E3B8300D4B27}.Debug|Any CPU.Build.0 = Debug|Any CPU
		{4322AD8C-18E8-485A-AE60-E3B8300D4B27}.Release|Any CPU.ActiveCfg = Release|Any CPU
		{4322AD8C-18E8-485A-AE60-E3B8300D4B27}.Release|Any CPU.Build.0 = Release|Any CPU
	EndGlobalSection
	GlobalSection(SolutionProperties) = preSolution
		HideSolutionNode = FALSE
	EndGlobalSection
	GlobalSection(ExtensibilityGlobals) = postSolution
		SolutionGuid = {D78EC3D8-15AF-445F-A067-D10C9B3B3A17}
	EndGlobalSection
EndGlobal
